
Microsoft Visual Studio Solution File, Format Version 12.00
# Visual Studio Version 16
VisualStudioVersion = 16.0.29318.209
MinimumVisualStudioVersion = 10.0.40219.1
Project("{FAE04EC0-301F-11D3-BF4B-00C04F79EFBC}") = "TelegramBotForJess", "TelegramBotForJess\TelegramBotForJess.csproj", "{BC32EB3F-1DE9-446E-845E-609162EF90C0}"
EndProject
Global
	GlobalSection(SolutionConfigurationPlatforms) = preSolution
		Debug|Any CPU = Debug|Any CPU
		Release|Any CPU = Release|Any CPU
	EndGlobalSection
	GlobalSection(ProjectConfigurationPlatforms) = postSolution
		{BC32EB3F-1DE9-446E-845E-609162EF90C0}.Debug|Any CPU.ActiveCfg = Debug|Any CPU
		{BC32EB3F-1DE9-446E-845E-609162EF90C0}.Debug|Any CPU.Build.0 = Debug|Any CPU
		{BC32EB3F-1DE9-446E-845E-609162EF90C0}.Release|Any CPU.ActiveCfg = Release|Any CPU
		{BC32EB3F-1DE9-446E-845E-609162EF90C0}.Release|Any CPU.Build.0 = Release|Any CPU
	EndGlobalSection
	GlobalSection(SolutionProperties) = preSolution
		HideSolutionNode = FALSE
	EndGlobalSection
	GlobalSection(ExtensibilityGlobals) = postSolution
		SolutionGuid = {6CC8A95B-6D3A-41E4-8C72-8B79FF6F2D20}
	EndGlobalSection
EndGlobal
